
Microsoft Visual Studio Solution File, Format Version 12.00
# Visual Studio Version 16
VisualStudioVersion = 16.0.30907.101
MinimumVisualStudioVersion = 10.0.40219.1
Project("{FAE04EC0-301F-11D3-BF4B-00C04F79EFBC}") = "BattleShipGame", "PegGui\BattleShipGame.csproj", "{5FE38C1F-B130-42C4-9A58-8F37DDCFDBCC}"
EndProject
Global
	GlobalSection(SolutionConfigurationPlatforms) = preSolution
		Debug|Any CPU = Debug|Any CPU
		Release|Any CPU = Release|Any CPU
	EndGlobalSection
	GlobalSection(ProjectConfigurationPlatforms) = postSolution
		{5FE38C1F-B130-42C4-9A58-8F37DDCFDBCC}.Debug|Any CPU.ActiveCfg = Debug|Any CPU
		{5FE38C1F-B130-42C4-9A58-8F37DDCFDBCC}.Debug|Any CPU.Build.0 = Debug|Any CPU
		{5FE38C1F-B130-42C4-9A58-8F37DDCFDBCC}.Release|Any CPU.ActiveCfg = Release|Any CPU
		{5FE38C1F-B130-42C4-9A58-8F37DDCFDBCC}.Release|Any CPU.Build.0 = Release|Any CPU
	EndGlobalSection
	GlobalSection(SolutionProperties) = preSolution
		HideSolutionNode = FALSE
	EndGlobalSection
	GlobalSection(ExtensibilityGlobals) = postSolution
		SolutionGuid = {F555A1F9-22D7-4D2C-8671-4645E16B3CED}
	EndGlobalSection
EndGlobal
